# THIS IS AN AUTOGENERATED FILE. DO NOT EDIT THIS FILE DIRECTLY.
# yarn lockfile v1


effector@^22.8.6:
  version "22.8.6"
  resolved "https://registry.yarnpkg.com/effector/-/effector-22.8.6.tgz#254af8966ba52f9abe2a9db703ec0e9d424bcb8e"
  integrity sha512-Bkg/rlPs7J4dmOFGPLLcL7X0SZeA8WdRnyC2X4tGVo7i6M8oxYwtNOkEUact/zIT/MgqTGm9A8T40dPnr8oXmA==

typescript@^5.1.6:
  version "5.1.6"
  resolved "https://registry.yarnpkg.com/typescript/-/typescript-5.1.6.tgz#02f8ac202b6dad2c0dd5e0913745b47a37998274"
  integrity sha512-zaWCozRZ6DLEWAWFrVDz1H6FVXzUSfTy5FUMWsQlU8Ym5JP9eO4xkTIROFCQvhQf61z6O/G6ugw3SgAnvvm+HA==
